
Microsoft Visual Studio Solution File, Format Version 12.00
# Visual Studio Version 17
VisualStudioVersion = 17.5.002.0
MinimumVisualStudioVersion = 10.0.40219.1
Project("{2150E333-8FDC-42A3-9474-1A3956D46DE8}") = "Introducao", "Introducao", "{6CE9F2B7-6BE8-465D-9AD0-A2C7E57FD4A4}"
EndProject
Project("{2150E333-8FDC-42A3-9474-1A3956D46DE8}") = "Semana1", "Semana1", "{87294C25-9436-4616-9570-183FAE2C7288}"
EndProject
Project("{9A19103F-16F7-4668-BE54-9A1E7A4F7556}") = "aula_11-08", "Introducao\Semana1\aula_11-08\aula_11-08.csproj", "{EE728A4B-2436-49C7-B26A-3CA5FAB980A8}"
EndProject
Global
	GlobalSection(SolutionConfigurationPlatforms) = preSolution
		Debug|Any CPU = Debug|Any CPU
		Release|Any CPU = Release|Any CPU
	EndGlobalSection
	GlobalSection(ProjectConfigurationPlatforms) = postSolution
		{EE728A4B-2436-49C7-B26A-3CA5FAB980A8}.Debug|Any CPU.ActiveCfg = Debug|Any CPU
		{EE728A4B-2436-49C7-B26A-3CA5FAB980A8}.Debug|Any CPU.Build.0 = Debug|Any CPU
		{EE728A4B-2436-49C7-B26A-3CA5FAB980A8}.Release|Any CPU.ActiveCfg = Release|Any CPU
		{EE728A4B-2436-49C7-B26A-3CA5FAB980A8}.Release|Any CPU.Build.0 = Release|Any CPU
	EndGlobalSection
	GlobalSection(SolutionProperties) = preSolution
		HideSolutionNode = FALSE
	EndGlobalSection
	GlobalSection(NestedProjects) = preSolution
		{87294C25-9436-4616-9570-183FAE2C7288} = {6CE9F2B7-6BE8-465D-9AD0-A2C7E57FD4A4}
		{EE728A4B-2436-49C7-B26A-3CA5FAB980A8} = {87294C25-9436-4616-9570-183FAE2C7288}
	EndGlobalSection
	GlobalSection(ExtensibilityGlobals) = postSolution
		SolutionGuid = {CD80F421-35BA-49B2-9ABF-31E9105A422A}
	EndGlobalSection
EndGlobal
